{
  "name": "codeid",
  "version": "1.0.0",
  "lockfileVersion": 1,
  "requires": true,
  "dependencies": {
    "commander": {
      "version": "2.15.1",
      "resolved": "https://registry.npmjs.org/commander/-/commander-2.15.1.tgz",
      "integrity": "sha512-VlfT9F3V0v+jr4yxPc5gg9s62/fIVWsd2Bk2iD435um1NlGMYdVCq+MjcXnhYq2icNOizHr1kK+5TI6H0Hy0ag=="
    },
    "idgen": {
      "version": "2.0.2",
      "resolved": "https://registry.npmjs.org/idgen/-/idgen-2.0.2.tgz",
      "integrity": "sha1-ZFpO6n7bUz2UH1jt2UMVVUWPwqg=",
      "requires": {
        "commander": "^2.2.0"
      }
    }
  }
}
